// !$*UTF8*$!
{
	archiveVersion = 1;
	classes = {
	};
	objectVersion = 50;
	objects = {

/* Begin PBXBuildFile section */
		434A801D2629748F003FDC19 /* AppDelegate.swift in Sources */ = {isa = PBXBuildFile; fileRef = 434A801C2629748F003FDC19 /* AppDelegate.swift */; };
		434A801F2629748F003FDC19 /* SceneDelegate.swift in Sources */ = {isa = PBXBuildFile; fileRef = 434A801E2629748F003FDC19 /* SceneDelegate.swift */; };
		434A80212629748F003FDC19 /* ViewController.swift in Sources */ = {isa = PBXBuildFile; fileRef = 434A80202629748F003FDC19 /* ViewController.swift */; };
		434A80242629748F003FDC19 /* Main.storyboard in Resources */ = {isa = PBXBuildFile; fileRef = 434A80222629748F003FDC19 /* Main.storyboard */; };
		434A802626297490003FDC19 /* Assets.xcassets in Resources */ = {isa = PBXBuildFile; fileRef = 434A802526297490003FDC19 /* Assets.xcassets */; };
		434A802926297490003FDC19 /* LaunchScreen.storyboard in Resources */ = {isa = PBXBuildFile; fileRef = 434A802726297490003FDC19 /* LaunchScreen.storyboard */; };
		434A803D262A0F6C003FDC19 /* CheckRobot.storyboard in Resources */ = {isa = PBXBuildFile; fileRef = 434A803C262A0F6C003FDC19 /* CheckRobot.storyboard */; };
		434A8040262A1026003FDC19 /* CheckRobot.storyboard in Resources */ = {isa = PBXBuildFile; fileRef = 434A803F262A1026003FDC19 /* CheckRobot.storyboard */; };
		434A8044262A116F003FDC19 /* AnswerStoryboard.storyboard in Resources */ = {isa = PBXBuildFile; fileRef = 434A8043262A116F003FDC19 /* AnswerStoryboard.storyboard */; };
		434A8047262B3242003FDC19 /* LoginViewController.swift in Sources */ = {isa = PBXBuildFile; fileRef = 434A8046262B3242003FDC19 /* LoginViewController.swift */; };
		5E169D23262B4321007BF5BE /* RobotViewController.swift in Sources */ = {isa = PBXBuildFile; fileRef = 5E169D22262B4321007BF5BE /* RobotViewController.swift */; };
		7463C1C0262E2B3C00496CF0 /* ExtensionsForView.swift in Sources */ = {isa = PBXBuildFile; fileRef = 7463C1BF262E2B3C00496CF0 /* ExtensionsForView.swift */; };
		7492EA97262BAEE300D4C620 /* UserInfoViewController.swift in Sources */ = {isa = PBXBuildFile; fileRef = 7492EA96262BAEE300D4C620 /* UserInfoViewController.swift */; };
		84AD226B262DEB2A00B04C36 /* RegistrationQuestions.storyboard in Resources */ = {isa = PBXBuildFile; fileRef = 84AD226A262DEB2A00B04C36 /* RegistrationQuestions.storyboard */; };
		84AD226E262DF2FB00B04C36 /* RegistrationViewController.swift in Sources */ = {isa = PBXBuildFile; fileRef = 84AD226D262DF2FB00B04C36 /* RegistrationViewController.swift */; };
		C19E22F5262B80F4003D2BD1 /* LoginData.swift in Sources */ = {isa = PBXBuildFile; fileRef = C19E22F4262B80F4003D2BD1 /* LoginData.swift */; };
/* End PBXBuildFile section */

/* Begin PBXFileReference section */
		434A80192629748F003FDC19 /* MegaFaceBook.app */ = {isa = PBXFileReference; explicitFileType = wrapper.application; includeInIndex = 0; path = MegaFaceBook.app; sourceTree = BUILT_PRODUCTS_DIR; };
		434A801C2629748F003FDC19 /* AppDelegate.swift */ = {isa = PBXFileReference; lastKnownFileType = sourcecode.swift; path = AppDelegate.swift; sourceTree = "<group>"; };
		434A801E2629748F003FDC19 /* SceneDelegate.swift */ = {isa = PBXFileReference; lastKnownFileType = sourcecode.swift; path = SceneDelegate.swift; sourceTree = "<group>"; };
		434A80202629748F003FDC19 /* ViewController.swift */ = {isa = PBXFileReference; lastKnownFileType = sourcecode.swift; path = ViewController.swift; sourceTree = "<group>"; };
		434A80232629748F003FDC19 /* Base */ = {isa = PBXFileReference; lastKnownFileType = file.storyboard; name = Base; path = Base.lproj/Main.storyboard; sourceTree = "<group>"; };
		434A802526297490003FDC19 /* Assets.xcassets */ = {isa = PBXFileReference; lastKnownFileType = folder.assetcatalog; path = Assets.xcassets; sourceTree = "<group>"; };
		434A802826297490003FDC19 /* Base */ = {isa = PBXFileReference; lastKnownFileType = file.storyboard; name = Base; path = Base.lproj/LaunchScreen.storyboard; sourceTree = "<group>"; };
		434A802A26297490003FDC19 /* Info.plist */ = {isa = PBXFileReference; lastKnownFileType = text.plist.xml; path = Info.plist; sourceTree = "<group>"; };
		434A803C262A0F6C003FDC19 /* CheckRobot.storyboard */ = {isa = PBXFileReference; lastKnownFileType = file.storyboard; path = CheckRobot.storyboard; sourceTree = "<group>"; };
		434A803F262A1026003FDC19 /* CheckRobot.storyboard */ = {isa = PBXFileReference; lastKnownFileType = file.storyboard; path = CheckRobot.storyboard; sourceTree = "<group>"; };
		434A8043262A116F003FDC19 /* AnswerStoryboard.storyboard */ = {isa = PBXFileReference; lastKnownFileType = file.storyboard; path = AnswerStoryboard.storyboard; sourceTree = "<group>"; };
		434A8046262B3242003FDC19 /* LoginViewController.swift */ = {isa = PBXFileReference; lastKnownFileType = sourcecode.swift; path = LoginViewController.swift; sourceTree = "<group>"; };
		5E169D22262B4321007BF5BE /* RobotViewController.swift */ = {isa = PBXFileReference; lastKnownFileType = sourcecode.swift; path = RobotViewController.swift; sourceTree = "<group>"; };
		7463C1BF262E2B3C00496CF0 /* ExtensionsForView.swift */ = {isa = PBXFileReference; lastKnownFileType = sourcecode.swift; path = ExtensionsForView.swift; sourceTree = "<group>"; };
		7492EA96262BAEE300D4C620 /* UserInfoViewController.swift */ = {isa = PBXFileReference; lastKnownFileType = sourcecode.swift; path = UserInfoViewController.swift; sourceTree = "<group>"; };
		84AD226A262DEB2A00B04C36 /* RegistrationQuestions.storyboard */ = {isa = PBXFileReference; lastKnownFileType = file.storyboard; path = RegistrationQuestions.storyboard; sourceTree = "<group>"; };
		84AD226D262DF2FB00B04C36 /* RegistrationViewController.swift */ = {isa = PBXFileReference; lastKnownFileType = sourcecode.swift; path = RegistrationViewController.swift; sourceTree = "<group>"; };
		C19E22F4262B80F4003D2BD1 /* LoginData.swift */ = {isa = PBXFileReference; lastKnownFileType = sourcecode.swift; path = LoginData.swift; sourceTree = "<group>"; };
/* End PBXFileReference section */

/* Begin PBXFrameworksBuildPhase section */
		434A80162629748F003FDC19 /* Frameworks */ = {
			isa = PBXFrameworksBuildPhase;
			buildActionMask = 2147483647;
			files = (
			);
			runOnlyForDeploymentPostprocessing = 0;
		};
/* End PBXFrameworksBuildPhase section */

/* Begin PBXGroup section */
		434A80102629748F003FDC19 = {
			isa = PBXGroup;
			children = (
				434A801B2629748F003FDC19 /* MegaFaceBook */,
				434A801A2629748F003FDC19 /* Products */,
			);
			sourceTree = "<group>";
		};
		434A801A2629748F003FDC19 /* Products */ = {
			isa = PBXGroup;
			children = (
				434A80192629748F003FDC19 /* MegaFaceBook.app */,
			);
			name = Products;
			sourceTree = "<group>";
		};
		434A801B2629748F003FDC19 /* MegaFaceBook */ = {
			isa = PBXGroup;
			children = (
				C19E22F8262B8100003D2BD1 /* DataLayer */,
				434A80322629B019003FDC19 /* ViewControllers */,
				434A80352629B146003FDC19 /* Supporting */,
				434A80342629B13B003FDC19 /* Resources */,
				434A80332629B12A003FDC19 /* Storyboards */,
			);
			path = MegaFaceBook;
			sourceTree = "<group>";
		};
		434A80322629B019003FDC19 /* ViewControllers */ = {
			isa = PBXGroup;
			children = (
				434A80202629748F003FDC19 /* ViewController.swift */,
				434A8046262B3242003FDC19 /* LoginViewController.swift */,
				5E169D22262B4321007BF5BE /* RobotViewController.swift */,
				7492EA96262BAEE300D4C620 /* UserInfoViewController.swift */,
				84AD226D262DF2FB00B04C36 /* RegistrationViewController.swift */,
			);
			path = ViewControllers;
			sourceTree = "<group>";
		};
		434A80332629B12A003FDC19 /* Storyboards */ = {
			isa = PBXGroup;
			children = (
				434A80222629748F003FDC19 /* Main.storyboard */,
				434A803C262A0F6C003FDC19 /* CheckRobot.storyboard */,
				434A803F262A1026003FDC19 /* CheckRobot.storyboard */,
				434A8043262A116F003FDC19 /* AnswerStoryboard.storyboard */,
				434A802726297490003FDC19 /* LaunchScreen.storyboard */,
				84AD226A262DEB2A00B04C36 /* RegistrationQuestions.storyboard */,
			);
			path = Storyboards;
			sourceTree = "<group>";
		};
		434A80342629B13B003FDC19 /* Resources */ = {
			isa = PBXGroup;
			children = (
				434A802526297490003FDC19 /* Assets.xcassets */,
			);
			path = Resources;
			sourceTree = "<group>";
		};
		434A80352629B146003FDC19 /* Supporting */ = {
			isa = PBXGroup;
			children = (
				434A802A26297490003FDC19 /* Info.plist */,
				434A801C2629748F003FDC19 /* AppDelegate.swift */,
				434A801E2629748F003FDC19 /* SceneDelegate.swift */,
				7463C1BF262E2B3C00496CF0 /* ExtensionsForView.swift */,
			);
			path = Supporting;
			sourceTree = "<group>";
		};
		C19E22F8262B8100003D2BD1 /* DataLayer */ = {
			isa = PBXGroup;
			children = (
				C19E22F4262B80F4003D2BD1 /* LoginData.swift */,
			);
			path = DataLayer;
			sourceTree = "<group>";
		};
/* End PBXGroup section */

/* Begin PBXNativeTarget section */
		434A80182629748F003FDC19 /* MegaFaceBook */ = {
			isa = PBXNativeTarget;
			buildConfigurationList = 434A802D26297490003FDC19 /* Build configuration list for PBXNativeTarget "MegaFaceBook" */;
			buildPhases = (
				434A80152629748F003FDC19 /* Sources */,
				434A80162629748F003FDC19 /* Frameworks */,
				434A80172629748F003FDC19 /* Resources */,
			);
			buildRules = (
			);
			dependencies = (
			);
			name = MegaFaceBook;
			productName = MegaFaceBook;
			productReference = 434A80192629748F003FDC19 /* MegaFaceBook.app */;
			productType = "com.apple.product-type.application";
		};
/* End PBXNativeTarget section */

/* Begin PBXProject section */
		434A80112629748F003FDC19 /* Project object */ = {
			isa = PBXProject;
			attributes = {
				LastSwiftUpdateCheck = 1240;
				LastUpgradeCheck = 1240;
				TargetAttributes = {
					434A80182629748F003FDC19 = {
						CreatedOnToolsVersion = 12.4;
					};
				};
			};
			buildConfigurationList = 434A80142629748F003FDC19 /* Build configuration list for PBXProject "MegaFaceBook" */;
			compatibilityVersion = "Xcode 9.3";
			developmentRegion = en;
			hasScannedForEncodings = 0;
			knownRegions = (
				en,
				Base,
			);
			mainGroup = 434A80102629748F003FDC19;
			productRefGroup = 434A801A2629748F003FDC19 /* Products */;
			projectDirPath = "";
			projectRoot = "";
			targets = (
				434A80182629748F003FDC19 /* MegaFaceBook */,
			);
		};
/* End PBXProject section */

/* Begin PBXResourcesBuildPhase section */
		434A80172629748F003FDC19 /* Resources */ = {
			isa = PBXResourcesBuildPhase;
			buildActionMask = 2147483647;
			files = (
				434A803D262A0F6C003FDC19 /* CheckRobot.storyboard in Resources */,
				434A802926297490003FDC19 /* LaunchScreen.storyboard in Resources */,
				434A8044262A116F003FDC19 /* AnswerStoryboard.storyboard in Resources */,
				434A802626297490003FDC19 /* Assets.xcassets in Resources */,
				84AD226B262DEB2A00B04C36 /* RegistrationQuestions.storyboard in Resources */,
				434A8040262A1026003FDC19 /* CheckRobot.storyboard in Resources */,
				434A80242629748F003FDC19 /* Main.storyboard in Resources */,
			);
			runOnlyForDeploymentPostprocessing = 0;
		};
/* End PBXResourcesBuildPhase section */

/* Begin PBXSourcesBuildPhase section */
		434A80152629748F003FDC19 /* Sources */ = {
			isa = PBXSourcesBuildPhase;
			buildActionMask = 2147483647;
			files = (
				434A8047262B3242003FDC19 /* LoginViewController.swift in Sources */,
				7492EA97262BAEE300D4C620 /* UserInfoViewController.swift in Sources */,
				84AD226E262DF2FB00B04C36 /* RegistrationViewController.swift in Sources */,
				434A80212629748F003FDC19 /* ViewController.swift in Sources */,
				434A801D2629748F003FDC19 /* AppDelegate.swift in Sources */,
				5E169D23262B4321007BF5BE /* RobotViewController.swift in Sources */,
				7463C1C0262E2B3C00496CF0 /* ExtensionsForView.swift in Sources */,
				434A801F2629748F003FDC19 /* SceneDelegate.swift in Sources */,
				C19E22F5262B80F4003D2BD1 /* LoginData.swift in Sources */,
			);
			runOnlyForDeploymentPostprocessing = 0;
		};
/* End PBXSourcesBuildPhase section */

/* Begin PBXVariantGroup section */
		434A80222629748F003FDC19 /* Main.storyboard */ = {
			isa = PBXVariantGroup;
			children = (
				434A80232629748F003FDC19 /* Base */,
			);
			name = Main.storyboard;
			sourceTree = "<group>";
		};
		434A802726297490003FDC19 /* LaunchScreen.storyboard */ = {
			isa = PBXVariantGroup;
			children = (
				434A802826297490003FDC19 /* Base */,
			);
			name = LaunchScreen.storyboard;
			sourceTree = "<group>";
		};
/* End PBXVariantGroup section */

/* Begin XCBuildConfiguration section */
		434A802B26297490003FDC19 /* Debug */ = {
			isa = XCBuildConfiguration;
			buildSettings = {
				ALWAYS_SEARCH_USER_PATHS = NO;
				CLANG_ANALYZER_NONNULL = YES;
				CLANG_ANALYZER_NUMBER_OBJECT_CONVERSION = YES_AGGRESSIVE;
				CLANG_CXX_LANGUAGE_STANDARD = "gnu++14";
				CLANG_CXX_LIBRARY = "libc++";
				CLANG_ENABLE_MODULES = YES;
				CLANG_ENABLE_OBJC_ARC = YES;
				CLANG_ENABLE_OBJC_WEAK = YES;
				CLANG_WARN_BLOCK_CAPTURE_AUTORELEASING = YES;
				CLANG_WARN_BOOL_CONVERSION = YES;
				CLANG_WARN_COMMA = YES;
				CLANG_WARN_CONSTANT_CONVERSION = YES;
				CLANG_WARN_DEPRECATED_OBJC_IMPLEMENTATIONS = YES;
				CLANG_WARN_DIRECT_OBJC_ISA_USAGE = YES_ERROR;
				CLANG_WARN_DOCUMENTATION_COMMENTS = YES;
				CLANG_WARN_EMPTY_BODY = YES;
				CLANG_WARN_ENUM_CONVERSION = YES;
				CLANG_WARN_INFINITE_RECURSION = YES;
				CLANG_WARN_INT_CONVERSION = YES;
				CLANG_WARN_NON_LITERAL_NULL_CONVERSION = YES;
				CLANG_WARN_OBJC_IMPLICIT_RETAIN_SELF = YES;
				CLANG_WARN_OBJC_LITERAL_CONVERSION = YES;
				CLANG_WARN_OBJC_ROOT_CLASS = YES_ERROR;
				CLANG_WARN_QUOTED_INCLUDE_IN_FRAMEWORK_HEADER = YES;
				CLANG_WARN_RANGE_LOOP_ANALYSIS = YES;
				CLANG_WARN_STRICT_PROTOTYPES = YES;
				CLANG_WARN_SUSPICIOUS_MOVE = YES;
				CLANG_WARN_UNGUARDED_AVAILABILITY = YES_AGGRESSIVE;
				CLANG_WARN_UNREACHABLE_CODE = YES;
				CLANG_WARN__DUPLICATE_METHOD_MATCH = YES;
				COPY_PHASE_STRIP = NO;
				DEBUG_INFORMATION_FORMAT = dwarf;
				ENABLE_STRICT_OBJC_MSGSEND = YES;
				ENABLE_TESTABILITY = YES;
				GCC_C_LANGUAGE_STANDARD = gnu11;
				GCC_DYNAMIC_NO_PIC = NO;
				GCC_NO_COMMON_BLOCKS = YES;
				GCC_OPTIMIZATION_LEVEL = 0;
				GCC_PREPROCESSOR_DEFINITIONS = (
					"DEBUG=1",
					"$(inherited)",
				);
				GCC_WARN_64_TO_32_BIT_CONVERSION = YES;
				GCC_WARN_ABOUT_RETURN_TYPE = YES_ERROR;
				GCC_WARN_UNDECLARED_SELECTOR = YES;
				GCC_WARN_UNINITIALIZED_AUTOS = YES_AGGRESSIVE;
				GCC_WARN_UNUSED_FUNCTION = YES;
				GCC_WARN_UNUSED_VARIABLE = YES;
				IPHONEOS_DEPLOYMENT_TARGET = 14.4;
				MTL_ENABLE_DEBUG_INFO = INCLUDE_SOURCE;
				MTL_FAST_MATH = YES;
				ONLY_ACTIVE_ARCH = YES;
				SDKROOT = iphoneos;
				SWIFT_ACTIVE_COMPILATION_CONDITIONS = DEBUG;
				SWIFT_OPTIMIZATION_LEVEL = "-Onone";
				SWIFT_VERSION = "";
			};
			name = Debug;
		};
		434A802C26297490003FDC19 /* Release */ = {
			isa = XCBuildConfiguration;
			buildSettings = {
				ALWAYS_SEARCH_USER_PATHS = NO;
				CLANG_ANALYZER_NONNULL = YES;
				CLANG_ANALYZER_NUMBER_OBJECT_CONVERSION = YES_AGGRESSIVE;
				CLANG_CXX_LANGUAGE_STANDARD = "gnu++14";
				CLANG_CXX_LIBRARY = "libc++";
				CLANG_ENABLE_MODULES = YES;
				CLANG_ENABLE_OBJC_ARC = YES;
				CLANG_ENABLE_OBJC_WEAK = YES;
				CLANG_WARN_BLOCK_CAPTURE_AUTORELEASING = YES;
				CLANG_WARN_BOOL_CONVERSION = YES;
				CLANG_WARN_COMMA = YES;
				CLANG_WARN_CONSTANT_CONVERSION = YES;
				CLANG_WARN_DEPRECATED_OBJC_IMPLEMENTATIONS = YES;
				CLANG_WARN_DIRECT_OBJC_ISA_USAGE = YES_ERROR;
				CLANG_WARN_DOCUMENTATION_COMMENTS = YES;
				CLANG_WARN_EMPTY_BODY = YES;
				CLANG_WARN_ENUM_CONVERSION = YES;
				CLANG_WARN_INFINITE_RECURSION = YES;
				CLANG_WARN_INT_CONVERSION = YES;
				CLANG_WARN_NON_LITERAL_NULL_CONVERSION = YES;
				CLANG_WARN_OBJC_IMPLICIT_RETAIN_SELF = YES;
				CLANG_WARN_OBJC_LITERAL_CONVERSION = YES;
				CLANG_WARN_OBJC_ROOT_CLASS = YES_ERROR;
				CLANG_WARN_QUOTED_INCLUDE_IN_FRAMEWORK_HEADER = YES;
				CLANG_WARN_RANGE_LOOP_ANALYSIS = YES;
				CLANG_WARN_STRICT_PROTOTYPES = YES;
				CLANG_WARN_SUSPICIOUS_MOVE = YES;
				CLANG_WARN_UNGUARDED_AVAILABILITY = YES_AGGRESSIVE;
				CLANG_WARN_UNREACHABLE_CODE = YES;
				CLANG_WARN__DUPLICATE_METHOD_MATCH = YES;
				COPY_PHASE_STRIP = NO;
				DEBUG_INFORMATION_FORMAT = "dwarf-with-dsym";
				ENABLE_NS_ASSERTIONS = NO;
				ENABLE_STRICT_OBJC_MSGSEND = YES;
				GCC_C_LANGUAGE_STANDARD = gnu11;
				GCC_NO_COMMON_BLOCKS = YES;
				GCC_WARN_64_TO_32_BIT_CONVERSION = YES;
				GCC_WARN_ABOUT_RETURN_TYPE = YES_ERROR;
				GCC_WARN_UNDECLARED_SELECTOR = YES;
				GCC_WARN_UNINITIALIZED_AUTOS = YES_AGGRESSIVE;
				GCC_WARN_UNUSED_FUNCTION = YES;
				GCC_WARN_UNUSED_VARIABLE = YES;
				IPHONEOS_DEPLOYMENT_TARGET = 14.4;
				MTL_ENABLE_DEBUG_INFO = NO;
				MTL_FAST_MATH = YES;
				SDKROOT = iphoneos;
				SWIFT_COMPILATION_MODE = wholemodule;
				SWIFT_OPTIMIZATION_LEVEL = "-O";
				SWIFT_VERSION = "";
				VALIDATE_PRODUCT = YES;
			};
			name = Release;
		};
		434A802E26297490003FDC19 /* Debug */ = {
			isa = XCBuildConfiguration;
			buildSettings = {
				ASSETCATALOG_COMPILER_APPICON_NAME = AppIcon;
				ASSETCATALOG_COMPILER_GLOBAL_ACCENT_COLOR_NAME = AccentColor;
				CODE_SIGN_STYLE = Automatic;
				DEVELOPMENT_TEAM = X7L83V7V4P;
				INFOPLIST_FILE = MegaFaceBook/Supporting/Info.plist;
				LD_RUNPATH_SEARCH_PATHS = (
					"$(inherited)",
					"@executable_path/Frameworks",
				);
				PRODUCT_BUNDLE_IDENTIFIER = Sergeytsev.MegaFaceBook;
				PRODUCT_NAME = "$(TARGET_NAME)";
				SWIFT_VERSION = 5.0;
				TARGETED_DEVICE_FAMILY = "1,2";
			};
			name = Debug;
		};
		434A802F26297490003FDC19 /* Release */ = {
			isa = XCBuildConfiguration;
			buildSettings = {
				ASSETCATALOG_COMPILER_APPICON_NAME = AppIcon;
				ASSETCATALOG_COMPILER_GLOBAL_ACCENT_COLOR_NAME = AccentColor;
				CODE_SIGN_STYLE = Automatic;
				DEVELOPMENT_TEAM = X7L83V7V4P;
				INFOPLIST_FILE = MegaFaceBook/Supporting/Info.plist;
				LD_RUNPATH_SEARCH_PATHS = (
					"$(inherited)",
					"@executable_path/Frameworks",
				);
				PRODUCT_BUNDLE_IDENTIFIER = Sergeytsev.MegaFaceBook;
				PRODUCT_NAME = "$(TARGET_NAME)";
				SWIFT_VERSION = 5.0;
				TARGETED_DEVICE_FAMILY = "1,2";
			};
			name = Release;
		};
/* End XCBuildConfiguration section */

/* Begin XCConfigurationList section */
		434A80142629748F003FDC19 /* Build configuration list for PBXProject "MegaFaceBook" */ = {
			isa = XCConfigurationList;
			buildConfigurations = (
				434A802B26297490003FDC19 /* Debug */,
				434A802C26297490003FDC19 /* Release */,
			);
			defaultConfigurationIsVisible = 0;
			defaultConfigurationName = Release;
		};
		434A802D26297490003FDC19 /* Build configuration list for PBXNativeTarget "MegaFaceBook" */ = {
			isa = XCConfigurationList;
			buildConfigurations = (
				434A802E26297490003FDC19 /* Debug */,
				434A802F26297490003FDC19 /* Release */,
			);
			defaultConfigurationIsVisible = 0;
			defaultConfigurationName = Release;
		};
/* End XCConfigurationList section */
	};
	rootObject = 434A80112629748F003FDC19 /* Project object */;
}
